// !$*UTF8*$!
{
	archiveVersion = 1;
	classes = {
	};
	objectVersion = 56;
	objects = {

/* Begin PBXBuildFile section */
		351657F42A51C07900E59BDA /* AuthenticationView.swift in Sources */ = {isa = PBXBuildFile; fileRef = 351657F32A51C07900E59BDA /* AuthenticationView.swift */; };
		353CECEA2A4B7D77003CC18B /* SeriesListViewModel.swift in Sources */ = {isa = PBXBuildFile; fileRef = 353CECE92A4B7D77003CC18B /* SeriesListViewModel.swift */; };
		353CECEC2A4B8D07003CC18B /* EpisodeResponse.swift in Sources */ = {isa = PBXBuildFile; fileRef = 353CECEB2A4B8D07003CC18B /* EpisodeResponse.swift */; };
		353CECF52A4B8EF7003CC18B /* SearchSeriesResponse.swift in Sources */ = {isa = PBXBuildFile; fileRef = 353CECF42A4B8EF7003CC18B /* SearchSeriesResponse.swift */; };
		353CECF72A4B9010003CC18B /* SeriesListView.swift in Sources */ = {isa = PBXBuildFile; fileRef = 353CECF62A4B9010003CC18B /* SeriesListView.swift */; };
		353CECF92A4B9037003CC18B /* SearchSeriesViewModel.swift in Sources */ = {isa = PBXBuildFile; fileRef = 353CECF82A4B9037003CC18B /* SearchSeriesViewModel.swift */; };
		353CECFB2A4B903F003CC18B /* SearchSeriesView.swift in Sources */ = {isa = PBXBuildFile; fileRef = 353CECFA2A4B903F003CC18B /* SearchSeriesView.swift */; };
		3557E0A62A4B795800D49A3F /* SeriesResponse.swift in Sources */ = {isa = PBXBuildFile; fileRef = 3557E0A52A4B795800D49A3F /* SeriesResponse.swift */; };
		3557E0AA2A4B7BBC00D49A3F /* SeriesService.swift in Sources */ = {isa = PBXBuildFile; fileRef = 3557E0A92A4B7BBC00D49A3F /* SeriesService.swift */; };
		35654A962A4BC2BA00925D72 /* GetAllSeriesUseCaseProtocol.swift in Sources */ = {isa = PBXBuildFile; fileRef = 35654A952A4BC2BA00925D72 /* GetAllSeriesUseCaseProtocol.swift */; };
		35654A982A4BC2F900925D72 /* Series.swift in Sources */ = {isa = PBXBuildFile; fileRef = 35654A972A4BC2F900925D72 /* Series.swift */; };
		35654A9A2A4C678900925D72 /* ApiManager.swift in Sources */ = {isa = PBXBuildFile; fileRef = 35654A992A4C678800925D72 /* ApiManager.swift */; };
		35654A9C2A4CA5AF00925D72 /* GetSearchedSeriesUseCaseProtocol.swift in Sources */ = {isa = PBXBuildFile; fileRef = 35654A9B2A4CA5AF00925D72 /* GetSearchedSeriesUseCaseProtocol.swift */; };
		356F5C922A4B60370042EF4B /* JobsitySeriesApp.swift in Sources */ = {isa = PBXBuildFile; fileRef = 356F5C912A4B60370042EF4B /* JobsitySeriesApp.swift */; };
		356F5C962A4B60390042EF4B /* Assets.xcassets in Resources */ = {isa = PBXBuildFile; fileRef = 356F5C952A4B60390042EF4B /* Assets.xcassets */; };
		356F5C992A4B60390042EF4B /* Preview Assets.xcassets in Resources */ = {isa = PBXBuildFile; fileRef = 356F5C982A4B60390042EF4B /* Preview Assets.xcassets */; };
		356F5CA32A4B60390042EF4B /* NetworkTesting.swift in Sources */ = {isa = PBXBuildFile; fileRef = 356F5CA22A4B60390042EF4B /* NetworkTesting.swift */; };
		356F5CAD2A4B60390042EF4B /* JobsitySeriesAppUITests.swift in Sources */ = {isa = PBXBuildFile; fileRef = 356F5CAC2A4B60390042EF4B /* JobsitySeriesAppUITests.swift */; };
		356F5CAF2A4B60390042EF4B /* JobsitySeriesAppUITestsLaunchTests.swift in Sources */ = {isa = PBXBuildFile; fileRef = 356F5CAE2A4B60390042EF4B /* JobsitySeriesAppUITestsLaunchTests.swift */; };
		3585BEBD2A4F0E9900CDD8D7 /* SeriesListRequest.swift in Sources */ = {isa = PBXBuildFile; fileRef = 3585BEBC2A4F0E9900CDD8D7 /* SeriesListRequest.swift */; };
		3585BEBF2A4F1B3E00CDD8D7 /* EpisodeRequest.swift in Sources */ = {isa = PBXBuildFile; fileRef = 3585BEBE2A4F1B3E00CDD8D7 /* EpisodeRequest.swift */; };
		3585BEC12A4F1D5400CDD8D7 /* SearchSeriesRequest.swift in Sources */ = {isa = PBXBuildFile; fileRef = 3585BEC02A4F1D5400CDD8D7 /* SearchSeriesRequest.swift */; };
		359351C82A4FAF1500449453 /* BookmarksView.swift in Sources */ = {isa = PBXBuildFile; fileRef = 359351C72A4FAF1500449453 /* BookmarksView.swift */; };
		359351EA2A4FE21900449453 /* Realm in Frameworks */ = {isa = PBXBuildFile; productRef = 359351E92A4FE21900449453 /* Realm */; };
		359351EC2A4FE21900449453 /* RealmSwift in Frameworks */ = {isa = PBXBuildFile; productRef = 359351EB2A4FE21900449453 /* RealmSwift */; };
		35B0D6DF2A50544600D8BD7F /* BookmarkedSeries.swift in Sources */ = {isa = PBXBuildFile; fileRef = 35B0D6DE2A50544600D8BD7F /* BookmarkedSeries.swift */; };
		35EA2B3C2A51F09E00055459 /* AuthenticationViewModel.swift in Sources */ = {isa = PBXBuildFile; fileRef = 35EA2B3B2A51F09E00055459 /* AuthenticationViewModel.swift */; };
		35F052112A4E15EA0036D1AE /* Helper.swift in Sources */ = {isa = PBXBuildFile; fileRef = 35F052102A4E15EA0036D1AE /* Helper.swift */; };
		35F54C042A4DBB3C00AAFDBF /* SeriesDetailsView.swift in Sources */ = {isa = PBXBuildFile; fileRef = 35F54C032A4DBB3C00AAFDBF /* SeriesDetailsView.swift */; };
		35F54C0B2A4DC29100AAFDBF /* SeriesDetailsViewModel.swift in Sources */ = {isa = PBXBuildFile; fileRef = 35F54C0A2A4DC29100AAFDBF /* SeriesDetailsViewModel.swift */; };
		35F54C0E2A4DC81600AAFDBF /* GetAllEpisodesUseCaseProtocol.swift in Sources */ = {isa = PBXBuildFile; fileRef = 35F54C0D2A4DC81600AAFDBF /* GetAllEpisodesUseCaseProtocol.swift */; };
		35F54C102A4DC9CB00AAFDBF /* Episode.swift in Sources */ = {isa = PBXBuildFile; fileRef = 35F54C0F2A4DC9CB00AAFDBF /* Episode.swift */; };
		35F54C122A4DE40E00AAFDBF /* EpisodeDetailsView.swift in Sources */ = {isa = PBXBuildFile; fileRef = 35F54C112A4DE40E00AAFDBF /* EpisodeDetailsView.swift */; };
/* End PBXBuildFile section */

/* Begin PBXContainerItemProxy section */
		356F5C9F2A4B60390042EF4B /* PBXContainerItemProxy */ = {
			isa = PBXContainerItemProxy;
			containerPortal = 356F5C862A4B60370042EF4B /* Project object */;
			proxyType = 1;
			remoteGlobalIDString = 356F5C8D2A4B60370042EF4B;
			remoteInfo = JobsitySeriesApp;
		};
		356F5CA92A4B60390042EF4B /* PBXContainerItemProxy */ = {
			isa = PBXContainerItemProxy;
			containerPortal = 356F5C862A4B60370042EF4B /* Project object */;
			proxyType = 1;
			remoteGlobalIDString = 356F5C8D2A4B60370042EF4B;
			remoteInfo = JobsitySeriesApp;
		};
/* End PBXContainerItemProxy section */

/* Begin PBXFileReference section */
		351657F32A51C07900E59BDA /* AuthenticationView.swift */ = {isa = PBXFileReference; lastKnownFileType = sourcecode.swift; path = AuthenticationView.swift; sourceTree = "<group>"; };
		353CECE92A4B7D77003CC18B /* SeriesListViewModel.swift */ = {isa = PBXFileReference; lastKnownFileType = sourcecode.swift; path = SeriesListViewModel.swift; sourceTree = "<group>"; };
		353CECEB2A4B8D07003CC18B /* EpisodeResponse.swift */ = {isa = PBXFileReference; lastKnownFileType = sourcecode.swift; path = EpisodeResponse.swift; sourceTree = "<group>"; };
		353CECF42A4B8EF7003CC18B /* SearchSeriesResponse.swift */ = {isa = PBXFileReference; lastKnownFileType = sourcecode.swift; path = SearchSeriesResponse.swift; sourceTree = "<group>"; };
		353CECF62A4B9010003CC18B /* SeriesListView.swift */ = {isa = PBXFileReference; lastKnownFileType = sourcecode.swift; path = SeriesListView.swift; sourceTree = "<group>"; };
		353CECF82A4B9037003CC18B /* SearchSeriesViewModel.swift */ = {isa = PBXFileReference; lastKnownFileType = sourcecode.swift; path = SearchSeriesViewModel.swift; sourceTree = "<group>"; };
		353CECFA2A4B903F003CC18B /* SearchSeriesView.swift */ = {isa = PBXFileReference; lastKnownFileType = sourcecode.swift; path = SearchSeriesView.swift; sourceTree = "<group>"; };
		3557E0A52A4B795800D49A3F /* SeriesResponse.swift */ = {isa = PBXFileReference; lastKnownFileType = sourcecode.swift; path = SeriesResponse.swift; sourceTree = "<group>"; };
		3557E0A92A4B7BBC00D49A3F /* SeriesService.swift */ = {isa = PBXFileReference; lastKnownFileType = sourcecode.swift; path = SeriesService.swift; sourceTree = "<group>"; };
		35654A952A4BC2BA00925D72 /* GetAllSeriesUseCaseProtocol.swift */ = {isa = PBXFileReference; lastKnownFileType = sourcecode.swift; path = GetAllSeriesUseCaseProtocol.swift; sourceTree = "<group>"; };
		35654A972A4BC2F900925D72 /* Series.swift */ = {isa = PBXFileReference; lastKnownFileType = sourcecode.swift; path = Series.swift; sourceTree = "<group>"; };
		35654A992A4C678800925D72 /* ApiManager.swift */ = {isa = PBXFileReference; lastKnownFileType = sourcecode.swift; path = ApiManager.swift; sourceTree = "<group>"; };
		35654A9B2A4CA5AF00925D72 /* GetSearchedSeriesUseCaseProtocol.swift */ = {isa = PBXFileReference; lastKnownFileType = sourcecode.swift; path = GetSearchedSeriesUseCaseProtocol.swift; sourceTree = "<group>"; };
		356F5C8E2A4B60370042EF4B /* JobsitySeriesApp.app */ = {isa = PBXFileReference; explicitFileType = wrapper.application; includeInIndex = 0; path = JobsitySeriesApp.app; sourceTree = BUILT_PRODUCTS_DIR; };
		356F5C912A4B60370042EF4B /* JobsitySeriesApp.swift */ = {isa = PBXFileReference; lastKnownFileType = sourcecode.swift; path = JobsitySeriesApp.swift; sourceTree = "<group>"; };
		356F5C952A4B60390042EF4B /* Assets.xcassets */ = {isa = PBXFileReference; lastKnownFileType = folder.assetcatalog; path = Assets.xcassets; sourceTree = "<group>"; };
		356F5C982A4B60390042EF4B /* Preview Assets.xcassets */ = {isa = PBXFileReference; lastKnownFileType = folder.assetcatalog; path = "Preview Assets.xcassets"; sourceTree = "<group>"; };
		356F5C9E2A4B60390042EF4B /* JobsitySeriesAppTests.xctest */ = {isa = PBXFileReference; explicitFileType = wrapper.cfbundle; includeInIndex = 0; path = JobsitySeriesAppTests.xctest; sourceTree = BUILT_PRODUCTS_DIR; };
		356F5CA22A4B60390042EF4B /* NetworkTesting.swift */ = {isa = PBXFileReference; lastKnownFileType = sourcecode.swift; path = NetworkTesting.swift; sourceTree = "<group>"; };
		356F5CA82A4B60390042EF4B /* JobsitySeriesAppUITests.xctest */ = {isa = PBXFileReference; explicitFileType = wrapper.cfbundle; includeInIndex = 0; path = JobsitySeriesAppUITests.xctest; sourceTree = BUILT_PRODUCTS_DIR; };
		356F5CAC2A4B60390042EF4B /* JobsitySeriesAppUITests.swift */ = {isa = PBXFileReference; lastKnownFileType = sourcecode.swift; path = JobsitySeriesAppUITests.swift; sourceTree = "<group>"; };
		356F5CAE2A4B60390042EF4B /* JobsitySeriesAppUITestsLaunchTests.swift */ = {isa = PBXFileReference; lastKnownFileType = sourcecode.swift; path = JobsitySeriesAppUITestsLaunchTests.swift; sourceTree = "<group>"; };
		3585BEBC2A4F0E9900CDD8D7 /* SeriesListRequest.swift */ = {isa = PBXFileReference; lastKnownFileType = sourcecode.swift; path = SeriesListRequest.swift; sourceTree = "<group>"; };
		3585BEBE2A4F1B3E00CDD8D7 /* EpisodeRequest.swift */ = {isa = PBXFileReference; lastKnownFileType = sourcecode.swift; path = EpisodeRequest.swift; sourceTree = "<group>"; };
		3585BEC02A4F1D5400CDD8D7 /* SearchSeriesRequest.swift */ = {isa = PBXFileReference; lastKnownFileType = sourcecode.swift; path = SearchSeriesRequest.swift; sourceTree = "<group>"; };
		359351C72A4FAF1500449453 /* BookmarksView.swift */ = {isa = PBXFileReference; lastKnownFileType = sourcecode.swift; path = BookmarksView.swift; sourceTree = "<group>"; };
		35B0D6DE2A50544600D8BD7F /* BookmarkedSeries.swift */ = {isa = PBXFileReference; lastKnownFileType = sourcecode.swift; path = BookmarkedSeries.swift; sourceTree = "<group>"; };
		35EA2B3B2A51F09E00055459 /* AuthenticationViewModel.swift */ = {isa = PBXFileReference; lastKnownFileType = sourcecode.swift; path = AuthenticationViewModel.swift; sourceTree = "<group>"; };
		35F052102A4E15EA0036D1AE /* Helper.swift */ = {isa = PBXFileReference; lastKnownFileType = sourcecode.swift; path = Helper.swift; sourceTree = "<group>"; };
		35F54C032A4DBB3C00AAFDBF /* SeriesDetailsView.swift */ = {isa = PBXFileReference; lastKnownFileType = sourcecode.swift; path = SeriesDetailsView.swift; sourceTree = "<group>"; };
		35F54C0A2A4DC29100AAFDBF /* SeriesDetailsViewModel.swift */ = {isa = PBXFileReference; lastKnownFileType = sourcecode.swift; path = SeriesDetailsViewModel.swift; sourceTree = "<group>"; };
		35F54C0D2A4DC81600AAFDBF /* GetAllEpisodesUseCaseProtocol.swift */ = {isa = PBXFileReference; lastKnownFileType = sourcecode.swift; path = GetAllEpisodesUseCaseProtocol.swift; sourceTree = "<group>"; };
		35F54C0F2A4DC9CB00AAFDBF /* Episode.swift */ = {isa = PBXFileReference; lastKnownFileType = sourcecode.swift; path = Episode.swift; sourceTree = "<group>"; };
		35F54C112A4DE40E00AAFDBF /* EpisodeDetailsView.swift */ = {isa = PBXFileReference; lastKnownFileType = sourcecode.swift; path = EpisodeDetailsView.swift; sourceTree = "<group>"; };
/* End PBXFileReference section */

/* Begin PBXFrameworksBuildPhase section */
		356F5C8B2A4B60370042EF4B /* Frameworks */ = {
			isa = PBXFrameworksBuildPhase;
			buildActionMask = 2147483647;
			files = (
				359351EC2A4FE21900449453 /* RealmSwift in Frameworks */,
				359351EA2A4FE21900449453 /* Realm in Frameworks */,
			);
			runOnlyForDeploymentPostprocessing = 0;
		};
		356F5C9B2A4B60390042EF4B /* Frameworks */ = {
			isa = PBXFrameworksBuildPhase;
			buildActionMask = 2147483647;
			files = (
			);
			runOnlyForDeploymentPostprocessing = 0;
		};
		356F5CA52A4B60390042EF4B /* Frameworks */ = {
			isa = PBXFrameworksBuildPhase;
			buildActionMask = 2147483647;
			files = (
			);
			runOnlyForDeploymentPostprocessing = 0;
		};
/* End PBXFrameworksBuildPhase section */

/* Begin PBXGroup section */
		353CECED2A4B8E59003CC18B /* Network */ = {
			isa = PBXGroup;
			children = (
				359B68922A507F2300146D71 /* DataModels */,
				3557E0A32A4B785D00D49A3F /* Service */,
			);
			path = Network;
			sourceTree = "<group>";
		};
		3557E0A22A4B785100D49A3F /* Model */ = {
			isa = PBXGroup;
			children = (
				35654A942A4BC2A000925D72 /* UseCases */,
				353CECED2A4B8E59003CC18B /* Network */,
			);
			path = Model;
			sourceTree = "<group>";
		};
		3557E0A32A4B785D00D49A3F /* Service */ = {
			isa = PBXGroup;
			children = (
				3557E0A92A4B7BBC00D49A3F /* SeriesService.swift */,
				35654A992A4C678800925D72 /* ApiManager.swift */,
			);
			path = Service;
			sourceTree = "<group>";
		};
		3557E0A42A4B786200D49A3F /* View */ = {
			isa = PBXGroup;
			children = (
				353CECF62A4B9010003CC18B /* SeriesListView.swift */,
				353CECFA2A4B903F003CC18B /* SearchSeriesView.swift */,
				359351C72A4FAF1500449453 /* BookmarksView.swift */,
				35F54C032A4DBB3C00AAFDBF /* SeriesDetailsView.swift */,
				35F54C112A4DE40E00AAFDBF /* EpisodeDetailsView.swift */,
				351657F32A51C07900E59BDA /* AuthenticationView.swift */,
			);
			path = View;
			sourceTree = "<group>";
		};
		35654A932A4BC25200925D72 /* Models */ = {
			isa = PBXGroup;
			children = (
				35654A972A4BC2F900925D72 /* Series.swift */,
				35F54C0F2A4DC9CB00AAFDBF /* Episode.swift */,
				35B0D6DE2A50544600D8BD7F /* BookmarkedSeries.swift */,
			);
			path = Models;
			sourceTree = "<group>";
		};
		35654A942A4BC2A000925D72 /* UseCases */ = {
			isa = PBXGroup;
			children = (
				35654A952A4BC2BA00925D72 /* GetAllSeriesUseCaseProtocol.swift */,
				35654A9B2A4CA5AF00925D72 /* GetSearchedSeriesUseCaseProtocol.swift */,
				35F54C0D2A4DC81600AAFDBF /* GetAllEpisodesUseCaseProtocol.swift */,
			);
			path = UseCases;
			sourceTree = "<group>";
		};
		356F5C852A4B60370042EF4B = {
			isa = PBXGroup;
			children = (
				356F5C902A4B60370042EF4B /* JobsitySeriesApp */,
				356F5CA12A4B60390042EF4B /* JobsitySeriesAppTests */,
				356F5CAB2A4B60390042EF4B /* JobsitySeriesAppUITests */,
				356F5C8F2A4B60370042EF4B /* Products */,
			);
			sourceTree = "<group>";
		};
		356F5C8F2A4B60370042EF4B /* Products */ = {
			isa = PBXGroup;
			children = (
				356F5C8E2A4B60370042EF4B /* JobsitySeriesApp.app */,
				356F5C9E2A4B60390042EF4B /* JobsitySeriesAppTests.xctest */,
				356F5CA82A4B60390042EF4B /* JobsitySeriesAppUITests.xctest */,
			);
			name = Products;
			sourceTree = "<group>";
		};
		356F5C902A4B60370042EF4B /* JobsitySeriesApp */ = {
			isa = PBXGroup;
			children = (
				356F5C912A4B60370042EF4B /* JobsitySeriesApp.swift */,
				3557E0A22A4B785100D49A3F /* Model */,
				3557E0A42A4B786200D49A3F /* View */,
				35F54C0C2A4DC29700AAFDBF /* ViewModel */,
				35F54C072A4DC19C00AAFDBF /* Utils */,
				356F5C972A4B60390042EF4B /* Preview Content */,
				356F5C952A4B60390042EF4B /* Assets.xcassets */,
			);
			path = JobsitySeriesApp;
			sourceTree = "<group>";
		};
		356F5C972A4B60390042EF4B /* Preview Content */ = {
			isa = PBXGroup;
			children = (
				356F5C982A4B60390042EF4B /* Preview Assets.xcassets */,
			);
			path = "Preview Content";
			sourceTree = "<group>";
		};
		356F5CA12A4B60390042EF4B /* JobsitySeriesAppTests */ = {
			isa = PBXGroup;
			children = (
				359351C62A4F8B6C00449453 /* ViewModels */,
				359351C42A4F8B5300449453 /* Models */,
				356F5CA22A4B60390042EF4B /* NetworkTesting.swift */,
			);
			path = JobsitySeriesAppTests;
			sourceTree = "<group>";
		};
		356F5CAB2A4B60390042EF4B /* JobsitySeriesAppUITests */ = {
			isa = PBXGroup;
			children = (
				356F5CAC2A4B60390042EF4B /* JobsitySeriesAppUITests.swift */,
				356F5CAE2A4B60390042EF4B /* JobsitySeriesAppUITestsLaunchTests.swift */,
			);
			path = JobsitySeriesAppUITests;
			sourceTree = "<group>";
		};
		359351C42A4F8B5300449453 /* Models */ = {
			isa = PBXGroup;
			children = (
			);
			path = Models;
			sourceTree = "<group>";
		};
		359351C62A4F8B6C00449453 /* ViewModels */ = {
			isa = PBXGroup;
			children = (
			);
			path = ViewModels;
			sourceTree = "<group>";
		};
		359B68922A507F2300146D71 /* DataModels */ = {
			isa = PBXGroup;
			children = (
				3585BEBE2A4F1B3E00CDD8D7 /* EpisodeRequest.swift */,
				353CECEB2A4B8D07003CC18B /* EpisodeResponse.swift */,
				3585BEBC2A4F0E9900CDD8D7 /* SeriesListRequest.swift */,
				3557E0A52A4B795800D49A3F /* SeriesResponse.swift */,
				3585BEC02A4F1D5400CDD8D7 /* SearchSeriesRequest.swift */,
				353CECF42A4B8EF7003CC18B /* SearchSeriesResponse.swift */,
			);
			path = DataModels;
			sourceTree = "<group>";
		};
		35F54C072A4DC19C00AAFDBF /* Utils */ = {
			isa = PBXGroup;
			children = (
				35F052102A4E15EA0036D1AE /* Helper.swift */,
			);
			path = Utils;
			sourceTree = "<group>";
		};
		35F54C0C2A4DC29700AAFDBF /* ViewModel */ = {
			isa = PBXGroup;
			children = (
				353CECE92A4B7D77003CC18B /* SeriesListViewModel.swift */,
				353CECF82A4B9037003CC18B /* SearchSeriesViewModel.swift */,
				35F54C0A2A4DC29100AAFDBF /* SeriesDetailsViewModel.swift */,
				35EA2B3B2A51F09E00055459 /* AuthenticationViewModel.swift */,
				35654A932A4BC25200925D72 /* Models */,
			);
			path = ViewModel;
			sourceTree = "<group>";
		};
/* End PBXGroup section */

/* Begin PBXNativeTarget section */
		356F5C8D2A4B60370042EF4B /* JobsitySeriesApp */ = {
			isa = PBXNativeTarget;
			buildConfigurationList = 356F5CB22A4B60390042EF4B /* Build configuration list for PBXNativeTarget "JobsitySeriesApp" */;
			buildPhases = (
				356F5C8A2A4B60370042EF4B /* Sources */,
				356F5C8B2A4B60370042EF4B /* Frameworks */,
				356F5C8C2A4B60370042EF4B /* Resources */,
			);
			buildRules = (
			);
			dependencies = (
				359B68952A50836800146D71 /* PBXTargetDependency */,
			);
			name = JobsitySeriesApp;
			packageProductDependencies = (
				359351E92A4FE21900449453 /* Realm */,
				359351EB2A4FE21900449453 /* RealmSwift */,
			);
			productName = JobsitySeriesApp;
			productReference = 356F5C8E2A4B60370042EF4B /* JobsitySeriesApp.app */;
			productType = "com.apple.product-type.application";
		};
		356F5C9D2A4B60390042EF4B /* JobsitySeriesAppTests */ = {
			isa = PBXNativeTarget;
			buildConfigurationList = 356F5CB52A4B60390042EF4B /* Build configuration list for PBXNativeTarget "JobsitySeriesAppTests" */;
			buildPhases = (
				356F5C9A2A4B60390042EF4B /* Sources */,
				356F5C9B2A4B60390042EF4B /* Frameworks */,
				356F5C9C2A4B60390042EF4B /* Resources */,
			);
			buildRules = (
			);
			dependencies = (
				356F5CA02A4B60390042EF4B /* PBXTargetDependency */,
			);
			name = JobsitySeriesAppTests;
			productName = JobsitySeriesAppTests;
			productReference = 356F5C9E2A4B60390042EF4B /* JobsitySeriesAppTests.xctest */;
			productType = "com.apple.product-type.bundle.unit-test";
		};
		356F5CA72A4B60390042EF4B /* JobsitySeriesAppUITests */ = {
			isa = PBXNativeTarget;
			buildConfigurationList = 356F5CB82A4B60390042EF4B /* Build configuration list for PBXNativeTarget "JobsitySeriesAppUITests" */;
			buildPhases = (
				356F5CA42A4B60390042EF4B /* Sources */,
				356F5CA52A4B60390042EF4B /* Frameworks */,
				356F5CA62A4B60390042EF4B /* Resources */,
			);
			buildRules = (
			);
			dependencies = (
				356F5CAA2A4B60390042EF4B /* PBXTargetDependency */,
			);
			name = JobsitySeriesAppUITests;
			productName = JobsitySeriesAppUITests;
			productReference = 356F5CA82A4B60390042EF4B /* JobsitySeriesAppUITests.xctest */;
			productType = "com.apple.product-type.bundle.ui-testing";
		};
/* End PBXNativeTarget section */

/* Begin PBXProject section */
		356F5C862A4B60370042EF4B /* Project object */ = {
			isa = PBXProject;
			attributes = {
				BuildIndependentTargetsInParallel = 1;
				LastSwiftUpdateCheck = 1500;
				LastUpgradeCheck = 1500;
				TargetAttributes = {
					356F5C8D2A4B60370042EF4B = {
						CreatedOnToolsVersion = 15.0;
					};
					356F5C9D2A4B60390042EF4B = {
						CreatedOnToolsVersion = 15.0;
						TestTargetID = 356F5C8D2A4B60370042EF4B;
					};
					356F5CA72A4B60390042EF4B = {
						CreatedOnToolsVersion = 15.0;
						TestTargetID = 356F5C8D2A4B60370042EF4B;
					};
				};
			};
			buildConfigurationList = 356F5C892A4B60370042EF4B /* Build configuration list for PBXProject "JobsitySeriesApp" */;
			compatibilityVersion = "Xcode 14.0";
			developmentRegion = en;
			hasScannedForEncodings = 0;
			knownRegions = (
				en,
				Base,
			);
			mainGroup = 356F5C852A4B60370042EF4B;
			packageReferences = (
				359351E82A4FE21900449453 /* XCRemoteSwiftPackageReference "realm-swift" */,
				359B68932A50835500146D71 /* XCRemoteSwiftPackageReference "SwiftLint" */,
			);
			productRefGroup = 356F5C8F2A4B60370042EF4B /* Products */;
			projectDirPath = "";
			projectRoot = "";
			targets = (
				356F5C8D2A4B60370042EF4B /* JobsitySeriesApp */,
				356F5C9D2A4B60390042EF4B /* JobsitySeriesAppTests */,
				356F5CA72A4B60390042EF4B /* JobsitySeriesAppUITests */,
			);
		};
/* End PBXProject section */

/* Begin PBXResourcesBuildPhase section */
		356F5C8C2A4B60370042EF4B /* Resources */ = {
			isa = PBXResourcesBuildPhase;
			buildActionMask = 2147483647;
			files = (
				356F5C992A4B60390042EF4B /* Preview Assets.xcassets in Resources */,
				356F5C962A4B60390042EF4B /* Assets.xcassets in Resources */,
			);
			runOnlyForDeploymentPostprocessing = 0;
		};
		356F5C9C2A4B60390042EF4B /* Resources */ = {
			isa = PBXResourcesBuildPhase;
			buildActionMask = 2147483647;
			files = (
			);
			runOnlyForDeploymentPostprocessing = 0;
		};
		356F5CA62A4B60390042EF4B /* Resources */ = {
			isa = PBXResourcesBuildPhase;
			buildActionMask = 2147483647;
			files = (
			);
			runOnlyForDeploymentPostprocessing = 0;
		};
/* End PBXResourcesBuildPhase section */

/* Begin PBXSourcesBuildPhase section */
		356F5C8A2A4B60370042EF4B /* Sources */ = {
			isa = PBXSourcesBuildPhase;
			buildActionMask = 2147483647;
			files = (
				35EA2B3C2A51F09E00055459 /* AuthenticationViewModel.swift in Sources */,
				353CECEA2A4B7D77003CC18B /* SeriesListViewModel.swift in Sources */,
				353CECF72A4B9010003CC18B /* SeriesListView.swift in Sources */,
				353CECEC2A4B8D07003CC18B /* EpisodeResponse.swift in Sources */,
				35F54C122A4DE40E00AAFDBF /* EpisodeDetailsView.swift in Sources */,
				353CECFB2A4B903F003CC18B /* SearchSeriesView.swift in Sources */,
				35F54C0B2A4DC29100AAFDBF /* SeriesDetailsViewModel.swift in Sources */,
				3585BEC12A4F1D5400CDD8D7 /* SearchSeriesRequest.swift in Sources */,
				35654A982A4BC2F900925D72 /* Series.swift in Sources */,
				35F052112A4E15EA0036D1AE /* Helper.swift in Sources */,
				3585BEBD2A4F0E9900CDD8D7 /* SeriesListRequest.swift in Sources */,
				35654A9C2A4CA5AF00925D72 /* GetSearchedSeriesUseCaseProtocol.swift in Sources */,
				3585BEBF2A4F1B3E00CDD8D7 /* EpisodeRequest.swift in Sources */,
				35F54C102A4DC9CB00AAFDBF /* Episode.swift in Sources */,
				353CECF92A4B9037003CC18B /* SearchSeriesViewModel.swift in Sources */,
				35654A9A2A4C678900925D72 /* ApiManager.swift in Sources */,
				35F54C0E2A4DC81600AAFDBF /* GetAllEpisodesUseCaseProtocol.swift in Sources */,
				353CECF52A4B8EF7003CC18B /* SearchSeriesResponse.swift in Sources */,
				35654A962A4BC2BA00925D72 /* GetAllSeriesUseCaseProtocol.swift in Sources */,
				3557E0AA2A4B7BBC00D49A3F /* SeriesService.swift in Sources */,
				3557E0A62A4B795800D49A3F /* SeriesResponse.swift in Sources */,
				35F54C042A4DBB3C00AAFDBF /* SeriesDetailsView.swift in Sources */,
				359351C82A4FAF1500449453 /* BookmarksView.swift in Sources */,
				356F5C922A4B60370042EF4B /* JobsitySeriesApp.swift in Sources */,
				35B0D6DF2A50544600D8BD7F /* BookmarkedSeries.swift in Sources */,
				351657F42A51C07900E59BDA /* AuthenticationView.swift in Sources */,
			);
			runOnlyForDeploymentPostprocessing = 0;
		};
		356F5C9A2A4B60390042EF4B /* Sources */ = {
			isa = PBXSourcesBuildPhase;
			buildActionMask = 2147483647;
			files = (
				356F5CA32A4B60390042EF4B /* NetworkTesting.swift in Sources */,
			);
			runOnlyForDeploymentPostprocessing = 0;
		};
		356F5CA42A4B60390042EF4B /* Sources */ = {
			isa = PBXSourcesBuildPhase;
			buildActionMask = 2147483647;
			files = (
				356F5CAF2A4B60390042EF4B /* JobsitySeriesAppUITestsLaunchTests.swift in Sources */,
				356F5CAD2A4B60390042EF4B /* JobsitySeriesAppUITests.swift in Sources */,
			);
			runOnlyForDeploymentPostprocessing = 0;
		};
/* End PBXSourcesBuildPhase section */

/* Begin PBXTargetDependency section */
		356F5CA02A4B60390042EF4B /* PBXTargetDependency */ = {
			isa = PBXTargetDependency;
			target = 356F5C8D2A4B60370042EF4B /* JobsitySeriesApp */;
			targetProxy = 356F5C9F2A4B60390042EF4B /* PBXContainerItemProxy */;
		};
		356F5CAA2A4B60390042EF4B /* PBXTargetDependency */ = {
			isa = PBXTargetDependency;
			target = 356F5C8D2A4B60370042EF4B /* JobsitySeriesApp */;
			targetProxy = 356F5CA92A4B60390042EF4B /* PBXContainerItemProxy */;
		};
		359B68952A50836800146D71 /* PBXTargetDependency */ = {
			isa = PBXTargetDependency;
			productRef = 359B68942A50836800146D71 /* SwiftLintPlugin */;
		};
/* End PBXTargetDependency section */

/* Begin XCBuildConfiguration section */
		356F5CB02A4B60390042EF4B /* Debug */ = {
			isa = XCBuildConfiguration;
			buildSettings = {
				ALWAYS_SEARCH_USER_PATHS = NO;
				ASSETCATALOG_COMPILER_GENERATE_SWIFT_ASSET_SYMBOL_EXTENSIONS = YES;
				CLANG_ANALYZER_NONNULL = YES;
				CLANG_ANALYZER_NUMBER_OBJECT_CONVERSION = YES_AGGRESSIVE;
				CLANG_CXX_LANGUAGE_STANDARD = "gnu++20";
				CLANG_ENABLE_MODULES = YES;
				CLANG_ENABLE_OBJC_ARC = YES;
				CLANG_ENABLE_OBJC_WEAK = YES;
				CLANG_WARN_BLOCK_CAPTURE_AUTORELEASING = YES;
				CLANG_WARN_BOOL_CONVERSION = YES;
				CLANG_WARN_COMMA = YES;
				CLANG_WARN_CONSTANT_CONVERSION = YES;
				CLANG_WARN_DEPRECATED_OBJC_IMPLEMENTATIONS = YES;
				CLANG_WARN_DIRECT_OBJC_ISA_USAGE = YES_ERROR;
				CLANG_WARN_DOCUMENTATION_COMMENTS = YES;
				CLANG_WARN_EMPTY_BODY = YES;
				CLANG_WARN_ENUM_CONVERSION = YES;
				CLANG_WARN_INFINITE_RECURSION = YES;
				CLANG_WARN_INT_CONVERSION = YES;
				CLANG_WARN_NON_LITERAL_NULL_CONVERSION = YES;
				CLANG_WARN_OBJC_IMPLICIT_RETAIN_SELF = YES;
				CLANG_WARN_OBJC_LITERAL_CONVERSION = YES;
				CLANG_WARN_OBJC_ROOT_CLASS = YES_ERROR;
				CLANG_WARN_QUOTED_INCLUDE_IN_FRAMEWORK_HEADER = YES;
				CLANG_WARN_RANGE_LOOP_ANALYSIS = YES;
				CLANG_WARN_STRICT_PROTOTYPES = YES;
				CLANG_WARN_SUSPICIOUS_MOVE = YES;
				CLANG_WARN_UNGUARDED_AVAILABILITY = YES_AGGRESSIVE;
				CLANG_WARN_UNREACHABLE_CODE = YES;
				CLANG_WARN__DUPLICATE_METHOD_MATCH = YES;
				COPY_PHASE_STRIP = NO;
				DEBUG_INFORMATION_FORMAT = dwarf;
				ENABLE_STRICT_OBJC_MSGSEND = YES;
				ENABLE_TESTABILITY = YES;
				ENABLE_USER_SCRIPT_SANDBOXING = YES;
				GCC_C_LANGUAGE_STANDARD = gnu17;
				GCC_DYNAMIC_NO_PIC = NO;
				GCC_NO_COMMON_BLOCKS = YES;
				GCC_OPTIMIZATION_LEVEL = 0;
				GCC_PREPROCESSOR_DEFINITIONS = (
					"DEBUG=1",
					"$(inherited)",
				);
				GCC_WARN_64_TO_32_BIT_CONVERSION = YES;
				GCC_WARN_ABOUT_RETURN_TYPE = YES_ERROR;
				GCC_WARN_UNDECLARED_SELECTOR = YES;
				GCC_WARN_UNINITIALIZED_AUTOS = YES_AGGRESSIVE;
				GCC_WARN_UNUSED_FUNCTION = YES;
				GCC_WARN_UNUSED_VARIABLE = YES;
				IPHONEOS_DEPLOYMENT_TARGET = 16.0;
				LOCALIZATION_PREFERS_STRING_CATALOGS = YES;
				MTL_ENABLE_DEBUG_INFO = INCLUDE_SOURCE;
				MTL_FAST_MATH = YES;
				ONLY_ACTIVE_ARCH = YES;
				SDKROOT = iphoneos;
				SWIFT_ACTIVE_COMPILATION_CONDITIONS = "DEBUG $(inherited)";
				SWIFT_OPTIMIZATION_LEVEL = "-Onone";
			};
			name = Debug;
		};
		356F5CB12A4B60390042EF4B /* Release */ = {
			isa = XCBuildConfiguration;
			buildSettings = {
				ALWAYS_SEARCH_USER_PATHS = NO;
				ASSETCATALOG_COMPILER_GENERATE_SWIFT_ASSET_SYMBOL_EXTENSIONS = YES;
				CLANG_ANALYZER_NONNULL = YES;
				CLANG_ANALYZER_NUMBER_OBJECT_CONVERSION = YES_AGGRESSIVE;
				CLANG_CXX_LANGUAGE_STANDARD = "gnu++20";
				CLANG_ENABLE_MODULES = YES;
				CLANG_ENABLE_OBJC_ARC = YES;
				CLANG_ENABLE_OBJC_WEAK = YES;
				CLANG_WARN_BLOCK_CAPTURE_AUTORELEASING = YES;
				CLANG_WARN_BOOL_CONVERSION = YES;
				CLANG_WARN_COMMA = YES;
				CLANG_WARN_CONSTANT_CONVERSION = YES;
				CLANG_WARN_DEPRECATED_OBJC_IMPLEMENTATIONS = YES;
				CLANG_WARN_DIRECT_OBJC_ISA_USAGE = YES_ERROR;
				CLANG_WARN_DOCUMENTATION_COMMENTS = YES;
				CLANG_WARN_EMPTY_BODY = YES;
				CLANG_WARN_ENUM_CONVERSION = YES;
				CLANG_WARN_INFINITE_RECURSION = YES;
				CLANG_WARN_INT_CONVERSION = YES;
				CLANG_WARN_NON_LITERAL_NULL_CONVERSION = YES;
				CLANG_WARN_OBJC_IMPLICIT_RETAIN_SELF = YES;
				CLANG_WARN_OBJC_LITERAL_CONVERSION = YES;
				CLANG_WARN_OBJC_ROOT_CLASS = YES_ERROR;
				CLANG_WARN_QUOTED_INCLUDE_IN_FRAMEWORK_HEADER = YES;
				CLANG_WARN_RANGE_LOOP_ANALYSIS = YES;
				CLANG_WARN_STRICT_PROTOTYPES = YES;
				CLANG_WARN_SUSPICIOUS_MOVE = YES;
				CLANG_WARN_UNGUARDED_AVAILABILITY = YES_AGGRESSIVE;
				CLANG_WARN_UNREACHABLE_CODE = YES;
				CLANG_WARN__DUPLICATE_METHOD_MATCH = YES;
				COPY_PHASE_STRIP = NO;
				DEBUG_INFORMATION_FORMAT = "dwarf-with-dsym";
				ENABLE_NS_ASSERTIONS = NO;
				ENABLE_STRICT_OBJC_MSGSEND = YES;
				ENABLE_USER_SCRIPT_SANDBOXING = YES;
				GCC_C_LANGUAGE_STANDARD = gnu17;
				GCC_NO_COMMON_BLOCKS = YES;
				GCC_WARN_64_TO_32_BIT_CONVERSION = YES;
				GCC_WARN_ABOUT_RETURN_TYPE = YES_ERROR;
				GCC_WARN_UNDECLARED_SELECTOR = YES;
				GCC_WARN_UNINITIALIZED_AUTOS = YES_AGGRESSIVE;
				GCC_WARN_UNUSED_FUNCTION = YES;
				GCC_WARN_UNUSED_VARIABLE = YES;
				IPHONEOS_DEPLOYMENT_TARGET = 16.0;
				LOCALIZATION_PREFERS_STRING_CATALOGS = YES;
				MTL_ENABLE_DEBUG_INFO = NO;
				MTL_FAST_MATH = YES;
				SDKROOT = iphoneos;
				SWIFT_COMPILATION_MODE = wholemodule;
				VALIDATE_PRODUCT = YES;
			};
			name = Release;
		};
		356F5CB32A4B60390042EF4B /* Debug */ = {
			isa = XCBuildConfiguration;
			buildSettings = {
				ASSETCATALOG_COMPILER_APPICON_NAME = AppIcon;
				ASSETCATALOG_COMPILER_GLOBAL_ACCENT_COLOR_NAME = AccentColor;
				CODE_SIGN_STYLE = Automatic;
				CURRENT_PROJECT_VERSION = 1;
				DEVELOPMENT_ASSET_PATHS = "\"JobsitySeriesApp/Preview Content\"";
				DEVELOPMENT_TEAM = XKD337QVA3;
				ENABLE_PREVIEWS = YES;
				GENERATE_INFOPLIST_FILE = YES;
				INFOPLIST_KEY_NSFaceIDUsageDescription = "\"Enable authentication to secure your data.\"";
				INFOPLIST_KEY_UIApplicationSceneManifest_Generation = YES;
				INFOPLIST_KEY_UIApplicationSupportsIndirectInputEvents = YES;
				INFOPLIST_KEY_UILaunchScreen_Generation = YES;
				INFOPLIST_KEY_UISupportedInterfaceOrientations = UIInterfaceOrientationPortrait;
				INFOPLIST_KEY_UISupportedInterfaceOrientations_iPad = "UIInterfaceOrientationLandscapeLeft UIInterfaceOrientationLandscapeRight UIInterfaceOrientationPortrait UIInterfaceOrientationPortraitUpsideDown";
				IPHONEOS_DEPLOYMENT_TARGET = 16.0;
				LD_RUNPATH_SEARCH_PATHS = (
					"$(inherited)",
					"@executable_path/Frameworks",
				);
				MARKETING_VERSION = 1.0;
				PRODUCT_BUNDLE_IDENTIFIER = ricardoribeiro.JobsitySeriesApp;
				PRODUCT_NAME = "$(TARGET_NAME)";
				SUPPORTED_PLATFORMS = "iphoneos iphonesimulator";
				SUPPORTS_MACCATALYST = NO;
				SUPPORTS_MAC_DESIGNED_FOR_IPHONE_IPAD = NO;
				SWIFT_EMIT_LOC_STRINGS = YES;
				SWIFT_VERSION = 5.0;
				TARGETED_DEVICE_FAMILY = 1;
			};
			name = Debug;
		};
		356F5CB42A4B60390042EF4B /* Release */ = {
			isa = XCBuildConfiguration;
			buildSettings = {
				ASSETCATALOG_COMPILER_APPICON_NAME = AppIcon;
				ASSETCATALOG_COMPILER_GLOBAL_ACCENT_COLOR_NAME = AccentColor;
				CODE_SIGN_STYLE = Automatic;
				CURRENT_PROJECT_VERSION = 1;
				DEVELOPMENT_ASSET_PATHS = "\"JobsitySeriesApp/Preview Content\"";
				DEVELOPMENT_TEAM = XKD337QVA3;
				ENABLE_PREVIEWS = YES;
				GENERATE_INFOPLIST_FILE = YES;
				INFOPLIST_KEY_NSFaceIDUsageDescription = "\"Enable authentication to secure your data.\"";
				INFOPLIST_KEY_UIApplicationSceneManifest_Generation = YES;
				INFOPLIST_KEY_UIApplicationSupportsIndirectInputEvents = YES;
				INFOPLIST_KEY_UILaunchScreen_Generation = YES;
				INFOPLIST_KEY_UISupportedInterfaceOrientations = UIInterfaceOrientationPortrait;
				INFOPLIST_KEY_UISupportedInterfaceOrientations_iPad = "UIInterfaceOrientationLandscapeLeft UIInterfaceOrientationLandscapeRight UIInterfaceOrientationPortrait UIInterfaceOrientationPortraitUpsideDown";
				IPHONEOS_DEPLOYMENT_TARGET = 16.0;
				LD_RUNPATH_SEARCH_PATHS = (
					"$(inherited)",
					"@executable_path/Frameworks",
				);
				MARKETING_VERSION = 1.0;
				PRODUCT_BUNDLE_IDENTIFIER = ricardoribeiro.JobsitySeriesApp;
				PRODUCT_NAME = "$(TARGET_NAME)";
				SUPPORTED_PLATFORMS = "iphoneos iphonesimulator";
				SUPPORTS_MACCATALYST = NO;
				SUPPORTS_MAC_DESIGNED_FOR_IPHONE_IPAD = NO;
				SWIFT_EMIT_LOC_STRINGS = YES;
				SWIFT_VERSION = 5.0;
				TARGETED_DEVICE_FAMILY = 1;
			};
			name = Release;
		};
		356F5CB62A4B60390042EF4B /* Debug */ = {
			isa = XCBuildConfiguration;
			buildSettings = {
				ALWAYS_EMBED_SWIFT_STANDARD_LIBRARIES = YES;
				BUNDLE_LOADER = "$(TEST_HOST)";
				CODE_SIGN_STYLE = Automatic;
				CURRENT_PROJECT_VERSION = 1;
				DEVELOPMENT_TEAM = XKD337QVA3;
				GENERATE_INFOPLIST_FILE = YES;
				IPHONEOS_DEPLOYMENT_TARGET = 17.0;
				MARKETING_VERSION = 1.0;
				PRODUCT_BUNDLE_IDENTIFIER = ricardoribeiro.JobsitySeriesAppTests;
				PRODUCT_NAME = "$(TARGET_NAME)";
				SWIFT_EMIT_LOC_STRINGS = NO;
				SWIFT_VERSION = 5.0;
				TARGETED_DEVICE_FAMILY = "1,2";
				TEST_HOST = "$(BUILT_PRODUCTS_DIR)/JobsitySeriesApp.app/$(BUNDLE_EXECUTABLE_FOLDER_PATH)/JobsitySeriesApp";
			};
			name = Debug;
		};
		356F5CB72A4B60390042EF4B /* Release */ = {
			isa = XCBuildConfiguration;
			buildSettings = {
				ALWAYS_EMBED_SWIFT_STANDARD_LIBRARIES = YES;
				BUNDLE_LOADER = "$(TEST_HOST)";
				CODE_SIGN_STYLE = Automatic;
				CURRENT_PROJECT_VERSION = 1;
				DEVELOPMENT_TEAM = XKD337QVA3;
				GENERATE_INFOPLIST_FILE = YES;
				IPHONEOS_DEPLOYMENT_TARGET = 17.0;
				MARKETING_VERSION = 1.0;
				PRODUCT_BUNDLE_IDENTIFIER = ricardoribeiro.JobsitySeriesAppTests;
				PRODUCT_NAME = "$(TARGET_NAME)";
				SWIFT_EMIT_LOC_STRINGS = NO;
				SWIFT_VERSION = 5.0;
				TARGETED_DEVICE_FAMILY = "1,2";
				TEST_HOST = "$(BUILT_PRODUCTS_DIR)/JobsitySeriesApp.app/$(BUNDLE_EXECUTABLE_FOLDER_PATH)/JobsitySeriesApp";
			};
			name = Release;
		};
		356F5CB92A4B60390042EF4B /* Debug */ = {
			isa = XCBuildConfiguration;
			buildSettings = {
				ALWAYS_EMBED_SWIFT_STANDARD_LIBRARIES = YES;
				CODE_SIGN_STYLE = Automatic;
				CURRENT_PROJECT_VERSION = 1;
				DEVELOPMENT_TEAM = XKD337QVA3;
				GENERATE_INFOPLIST_FILE = YES;
				MARKETING_VERSION = 1.0;
				PRODUCT_BUNDLE_IDENTIFIER = ricardoribeiro.JobsitySeriesAppUITests;
				PRODUCT_NAME = "$(TARGET_NAME)";
				SWIFT_EMIT_LOC_STRINGS = NO;
				SWIFT_VERSION = 5.0;
				TARGETED_DEVICE_FAMILY = "1,2";
				TEST_TARGET_NAME = JobsitySeriesApp;
			};
			name = Debug;
		};
		356F5CBA2A4B60390042EF4B /* Release */ = {
			isa = XCBuildConfiguration;
			buildSettings = {
				ALWAYS_EMBED_SWIFT_STANDARD_LIBRARIES = YES;
				CODE_SIGN_STYLE = Automatic;
				CURRENT_PROJECT_VERSION = 1;
				DEVELOPMENT_TEAM = XKD337QVA3;
				GENERATE_INFOPLIST_FILE = YES;
				MARKETING_VERSION = 1.0;
				PRODUCT_BUNDLE_IDENTIFIER = ricardoribeiro.JobsitySeriesAppUITests;
				PRODUCT_NAME = "$(TARGET_NAME)";
				SWIFT_EMIT_LOC_STRINGS = NO;
				SWIFT_VERSION = 5.0;
				TARGETED_DEVICE_FAMILY = "1,2";
				TEST_TARGET_NAME = JobsitySeriesApp;
			};
			name = Release;
		};
/* End XCBuildConfiguration section */

/* Begin XCConfigurationList section */
		356F5C892A4B60370042EF4B /* Build configuration list for PBXProject "JobsitySeriesApp" */ = {
			isa = XCConfigurationList;
			buildConfigurations = (
				356F5CB02A4B60390042EF4B /* Debug */,
				356F5CB12A4B60390042EF4B /* Release */,
			);
			defaultConfigurationIsVisible = 0;
			defaultConfigurationName = Release;
		};
		356F5CB22A4B60390042EF4B /* Build configuration list for PBXNativeTarget "JobsitySeriesApp" */ = {
			isa = XCConfigurationList;
			buildConfigurations = (
				356F5CB32A4B60390042EF4B /* Debug */,
				356F5CB42A4B60390042EF4B /* Release */,
			);
			defaultConfigurationIsVisible = 0;
			defaultConfigurationName = Release;
		};
		356F5CB52A4B60390042EF4B /* Build configuration list for PBXNativeTarget "JobsitySeriesAppTests" */ = {
			isa = XCConfigurationList;
			buildConfigurations = (
				356F5CB62A4B60390042EF4B /* Debug */,
				356F5CB72A4B60390042EF4B /* Release */,
			);
			defaultConfigurationIsVisible = 0;
			defaultConfigurationName = Release;
		};
		356F5CB82A4B60390042EF4B /* Build configuration list for PBXNativeTarget "JobsitySeriesAppUITests" */ = {
			isa = XCConfigurationList;
			buildConfigurations = (
				356F5CB92A4B60390042EF4B /* Debug */,
				356F5CBA2A4B60390042EF4B /* Release */,
			);
			defaultConfigurationIsVisible = 0;
			defaultConfigurationName = Release;
		};
/* End XCConfigurationList section */

/* Begin XCRemoteSwiftPackageReference section */
		359351E82A4FE21900449453 /* XCRemoteSwiftPackageReference "realm-swift" */ = {
			isa = XCRemoteSwiftPackageReference;
			repositoryURL = "https://github.com/realm/realm-swift";
			requirement = {
				branch = master;
				kind = branch;
			};
		};
		359B68932A50835500146D71 /* XCRemoteSwiftPackageReference "SwiftLint" */ = {
			isa = XCRemoteSwiftPackageReference;
			repositoryURL = "https://github.com/realm/SwiftLint";
			requirement = {
				kind = upToNextMajorVersion;
				minimumVersion = 0.52.3;
			};
		};
/* End XCRemoteSwiftPackageReference section */

/* Begin XCSwiftPackageProductDependency section */
		359351E92A4FE21900449453 /* Realm */ = {
			isa = XCSwiftPackageProductDependency;
			package = 359351E82A4FE21900449453 /* XCRemoteSwiftPackageReference "realm-swift" */;
			productName = Realm;
		};
		359351EB2A4FE21900449453 /* RealmSwift */ = {
			isa = XCSwiftPackageProductDependency;
			package = 359351E82A4FE21900449453 /* XCRemoteSwiftPackageReference "realm-swift" */;
			productName = RealmSwift;
		};
		359B68942A50836800146D71 /* SwiftLintPlugin */ = {
			isa = XCSwiftPackageProductDependency;
			package = 359B68932A50835500146D71 /* XCRemoteSwiftPackageReference "SwiftLint" */;
			productName = "plugin:SwiftLintPlugin";
		};
/* End XCSwiftPackageProductDependency section */
	};
	rootObject = 356F5C862A4B60370042EF4B /* Project object */;
}
